
Microsoft Visual Studio Solution File, Format Version 12.00
# Visual Studio Version 17
VisualStudioVersion = 17.0.31903.59
MinimumVisualStudioVersion = 10.0.40219.1
Project("{FAE04EC0-301F-11D3-BF4B-00C04F79EFBC}") = "Arduino.NET", "Arduino.NET\Arduino.NET.csproj", "{8BFC8FB9-39EB-4222-97C3-4D159AEF1ADE}"
EndProject
Project("{FAE04EC0-301F-11D3-BF4B-00C04F79EFBC}") = "Arduino.NET.Example", "Arduino.NET.Example\Arduino.NET.Example.csproj", "{4EF676CD-3758-4848-B350-D5E3BC7C2CCC}"
EndProject
Global
	GlobalSection(SolutionConfigurationPlatforms) = preSolution
		Debug|Any CPU = Debug|Any CPU
		Release|Any CPU = Release|Any CPU
	EndGlobalSection
	GlobalSection(SolutionProperties) = preSolution
		HideSolutionNode = FALSE
	EndGlobalSection
	GlobalSection(ProjectConfigurationPlatforms) = postSolution
		{8BFC8FB9-39EB-4222-97C3-4D159AEF1ADE}.Debug|Any CPU.ActiveCfg = Debug|Any CPU
		{8BFC8FB9-39EB-4222-97C3-4D159AEF1ADE}.Debug|Any CPU.Build.0 = Debug|Any CPU
		{8BFC8FB9-39EB-4222-97C3-4D159AEF1ADE}.Release|Any CPU.ActiveCfg = Release|Any CPU
		{8BFC8FB9-39EB-4222-97C3-4D159AEF1ADE}.Release|Any CPU.Build.0 = Release|Any CPU
		{4EF676CD-3758-4848-B350-D5E3BC7C2CCC}.Debug|Any CPU.ActiveCfg = Debug|Any CPU
		{4EF676CD-3758-4848-B350-D5E3BC7C2CCC}.Debug|Any CPU.Build.0 = Debug|Any CPU
		{4EF676CD-3758-4848-B350-D5E3BC7C2CCC}.Release|Any CPU.ActiveCfg = Release|Any CPU
		{4EF676CD-3758-4848-B350-D5E3BC7C2CCC}.Release|Any CPU.Build.0 = Release|Any CPU
	EndGlobalSection
EndGlobal
